
Microsoft Visual Studio Solution File, Format Version 12.00
# Visual Studio Version 17
VisualStudioVersion = 17.0.32014.148
MinimumVisualStudioVersion = 10.0.40219.1
Project("{FAE04EC0-301F-11D3-BF4B-00C04F79EFBC}") = "RedisExample.API", "RedisExample.API\RedisExample.API.csproj", "{8708D5CB-EFA5-4A99-A7FC-4DB880320F4F}"
EndProject
Project("{FAE04EC0-301F-11D3-BF4B-00C04F79EFBC}") = "RedisExample.DataAccess", "RedisExample.DataAccess\RedisExample.DataAccess.csproj", "{7AA61C3A-B568-4F21-9710-3A7B20A4923B}"
EndProject
Project("{FAE04EC0-301F-11D3-BF4B-00C04F79EFBC}") = "RedisExample.MessageListener", "RedisExample.MessageListener\RedisExample.MessageListener.csproj", "{9E7BE45D-750C-490A-AB09-9F002DD1D25D}"
EndProject
Global
	GlobalSection(SolutionConfigurationPlatforms) = preSolution
		Debug|Any CPU = Debug|Any CPU
		Release|Any CPU = Release|Any CPU
	EndGlobalSection
	GlobalSection(ProjectConfigurationPlatforms) = postSolution
		{8708D5CB-EFA5-4A99-A7FC-4DB880320F4F}.Debug|Any CPU.ActiveCfg = Debug|Any CPU
		{8708D5CB-EFA5-4A99-A7FC-4DB880320F4F}.Debug|Any CPU.Build.0 = Debug|Any CPU
		{8708D5CB-EFA5-4A99-A7FC-4DB880320F4F}.Release|Any CPU.ActiveCfg = Release|Any CPU
		{8708D5CB-EFA5-4A99-A7FC-4DB880320F4F}.Release|Any CPU.Build.0 = Release|Any CPU
		{7AA61C3A-B568-4F21-9710-3A7B20A4923B}.Debug|Any CPU.ActiveCfg = Debug|Any CPU
		{7AA61C3A-B568-4F21-9710-3A7B20A4923B}.Debug|Any CPU.Build.0 = Debug|Any CPU
		{7AA61C3A-B568-4F21-9710-3A7B20A4923B}.Release|Any CPU.ActiveCfg = Release|Any CPU
		{7AA61C3A-B568-4F21-9710-3A7B20A4923B}.Release|Any CPU.Build.0 = Release|Any CPU
		{9E7BE45D-750C-490A-AB09-9F002DD1D25D}.Debug|Any CPU.ActiveCfg = Debug|Any CPU
		{9E7BE45D-750C-490A-AB09-9F002DD1D25D}.Debug|Any CPU.Build.0 = Debug|Any CPU
		{9E7BE45D-750C-490A-AB09-9F002DD1D25D}.Release|Any CPU.ActiveCfg = Release|Any CPU
		{9E7BE45D-750C-490A-AB09-9F002DD1D25D}.Release|Any CPU.Build.0 = Release|Any CPU
	EndGlobalSection
	GlobalSection(SolutionProperties) = preSolution
		HideSolutionNode = FALSE
	EndGlobalSection
	GlobalSection(ExtensibilityGlobals) = postSolution
		SolutionGuid = {AB711B74-93AB-446E-8562-890367C1E5BF}
	EndGlobalSection
EndGlobal
